
Microsoft Visual Studio Solution File, Format Version 12.00
# Visual Studio Version 18
VisualStudioVersion = 18.2.11408.102 d18.0
MinimumVisualStudioVersion = 10.0.40219.1
Project("{FAE04EC0-301F-11D3-BF4B-00C04F79EFBC}") = "WorkActivityTracker", "WorkActivityTracker.csproj", "{00E2BD37-156F-1063-F3E6-080447886B78}"
EndProject
Global
	GlobalSection(SolutionConfigurationPlatforms) = preSolution
		Debug|Any CPU = Debug|Any CPU
		Release|Any CPU = Release|Any CPU
	EndGlobalSection
	GlobalSection(ProjectConfigurationPlatforms) = postSolution
		{00E2BD37-156F-1063-F3E6-080447886B78}.Debug|Any CPU.ActiveCfg = Debug|Any CPU
		{00E2BD37-156F-1063-F3E6-080447886B78}.Debug|Any CPU.Build.0 = Debug|Any CPU
		{00E2BD37-156F-1063-F3E6-080447886B78}.Release|Any CPU.ActiveCfg = Release|Any CPU
		{00E2BD37-156F-1063-F3E6-080447886B78}.Release|Any CPU.Build.0 = Release|Any CPU
	EndGlobalSection
	GlobalSection(SolutionProperties) = preSolution
		HideSolutionNode = FALSE
	EndGlobalSection
	GlobalSection(ExtensibilityGlobals) = postSolution
		SolutionGuid = {857F5ECF-B978-4577-AEE8-2634BDD250EC}
	EndGlobalSection
EndGlobal
